// !$*UTF8*$!
{
	archiveVersion = 1;
	classes = {
	};
	objectVersion = 56;
	objects = {

/* Begin PBXBuildFile section */
		627031642B7976A500840155 /* TableViewCell.m in Sources */ = {isa = PBXBuildFile; fileRef = 627031632B7976A500840155 /* TableViewCell.m */; };
		627031672B797C1800840155 /* ModelData.m in Sources */ = {isa = PBXBuildFile; fileRef = 627031662B797C1800840155 /* ModelData.m */; };
		62837A812B7949C400E7F647 /* AppDelegate.m in Sources */ = {isa = PBXBuildFile; fileRef = 62837A802B7949C400E7F647 /* AppDelegate.m */; };
		62837A842B7949C400E7F647 /* SceneDelegate.m in Sources */ = {isa = PBXBuildFile; fileRef = 62837A832B7949C400E7F647 /* SceneDelegate.m */; };
		62837A872B7949C400E7F647 /* ViewController.m in Sources */ = {isa = PBXBuildFile; fileRef = 62837A862B7949C400E7F647 /* ViewController.m */; };
		62837A8A2B7949C400E7F647 /* Main.storyboard in Resources */ = {isa = PBXBuildFile; fileRef = 62837A882B7949C400E7F647 /* Main.storyboard */; };
		62837A8C2B7949C600E7F647 /* Assets.xcassets in Resources */ = {isa = PBXBuildFile; fileRef = 62837A8B2B7949C600E7F647 /* Assets.xcassets */; };
		62837A8F2B7949C600E7F647 /* LaunchScreen.storyboard in Resources */ = {isa = PBXBuildFile; fileRef = 62837A8D2B7949C600E7F647 /* LaunchScreen.storyboard */; };
		62837A922B7949C600E7F647 /* main.m in Sources */ = {isa = PBXBuildFile; fileRef = 62837A912B7949C600E7F647 /* main.m */; };
		62837A9A2B794A8000E7F647 /* APICall.m in Sources */ = {isa = PBXBuildFile; fileRef = 62837A992B794A8000E7F647 /* APICall.m */; };
/* End PBXBuildFile section */

/* Begin PBXFileReference section */
		627031622B7976A500840155 /* TableViewCell.h */ = {isa = PBXFileReference; lastKnownFileType = sourcecode.c.h; path = TableViewCell.h; sourceTree = "<group>"; };
		627031632B7976A500840155 /* TableViewCell.m */ = {isa = PBXFileReference; lastKnownFileType = sourcecode.c.objc; path = TableViewCell.m; sourceTree = "<group>"; };
		627031652B797C1800840155 /* ModelData.h */ = {isa = PBXFileReference; lastKnownFileType = sourcecode.c.h; path = ModelData.h; sourceTree = "<group>"; };
		627031662B797C1800840155 /* ModelData.m */ = {isa = PBXFileReference; lastKnownFileType = sourcecode.c.objc; path = ModelData.m; sourceTree = "<group>"; };
		62837A7C2B7949C400E7F647 /* TestObjectiveCApp.app */ = {isa = PBXFileReference; explicitFileType = wrapper.application; includeInIndex = 0; path = TestObjectiveCApp.app; sourceTree = BUILT_PRODUCTS_DIR; };
		62837A7F2B7949C400E7F647 /* AppDelegate.h */ = {isa = PBXFileReference; lastKnownFileType = sourcecode.c.h; path = AppDelegate.h; sourceTree = "<group>"; };
		62837A802B7949C400E7F647 /* AppDelegate.m */ = {isa = PBXFileReference; lastKnownFileType = sourcecode.c.objc; path = AppDelegate.m; sourceTree = "<group>"; };
		62837A822B7949C400E7F647 /* SceneDelegate.h */ = {isa = PBXFileReference; lastKnownFileType = sourcecode.c.h; path = SceneDelegate.h; sourceTree = "<group>"; };
		62837A832B7949C400E7F647 /* SceneDelegate.m */ = {isa = PBXFileReference; lastKnownFileType = sourcecode.c.objc; path = SceneDelegate.m; sourceTree = "<group>"; };
		62837A852B7949C400E7F647 /* ViewController.h */ = {isa = PBXFileReference; lastKnownFileType = sourcecode.c.h; path = ViewController.h; sourceTree = "<group>"; };
		62837A862B7949C400E7F647 /* ViewController.m */ = {isa = PBXFileReference; lastKnownFileType = sourcecode.c.objc; path = ViewController.m; sourceTree = "<group>"; };
		62837A892B7949C400E7F647 /* Base */ = {isa = PBXFileReference; lastKnownFileType = file.storyboard; name = Base; path = Base.lproj/Main.storyboard; sourceTree = "<group>"; };
		62837A8B2B7949C600E7F647 /* Assets.xcassets */ = {isa = PBXFileReference; lastKnownFileType = folder.assetcatalog; path = Assets.xcassets; sourceTree = "<group>"; };
		62837A8E2B7949C600E7F647 /* Base */ = {isa = PBXFileReference; lastKnownFileType = file.storyboard; name = Base; path = Base.lproj/LaunchScreen.storyboard; sourceTree = "<group>"; };
		62837A902B7949C600E7F647 /* Info.plist */ = {isa = PBXFileReference; lastKnownFileType = text.plist.xml; path = Info.plist; sourceTree = "<group>"; };
		62837A912B7949C600E7F647 /* main.m */ = {isa = PBXFileReference; lastKnownFileType = sourcecode.c.objc; path = main.m; sourceTree = "<group>"; };
		62837A982B794A8000E7F647 /* APICall.h */ = {isa = PBXFileReference; lastKnownFileType = sourcecode.c.h; path = APICall.h; sourceTree = "<group>"; };
		62837A992B794A8000E7F647 /* APICall.m */ = {isa = PBXFileReference; lastKnownFileType = sourcecode.c.objc; path = APICall.m; sourceTree = "<group>"; };
/* End PBXFileReference section */

/* Begin PBXFrameworksBuildPhase section */
		62837A792B7949C400E7F647 /* Frameworks */ = {
			isa = PBXFrameworksBuildPhase;
			buildActionMask = 2147483647;
			files = (
			);
			runOnlyForDeploymentPostprocessing = 0;
		};
/* End PBXFrameworksBuildPhase section */

/* Begin PBXGroup section */
		62837A732B7949C400E7F647 = {
			isa = PBXGroup;
			children = (
				62837A7E2B7949C400E7F647 /* TestObjectiveCApp */,
				62837A7D2B7949C400E7F647 /* Products */,
			);
			sourceTree = "<group>";
		};
		62837A7D2B7949C400E7F647 /* Products */ = {
			isa = PBXGroup;
			children = (
				62837A7C2B7949C400E7F647 /* TestObjectiveCApp.app */,
			);
			name = Products;
			sourceTree = "<group>";
		};
		62837A7E2B7949C400E7F647 /* TestObjectiveCApp */ = {
			isa = PBXGroup;
			children = (
				62837A7F2B7949C400E7F647 /* AppDelegate.h */,
				62837A802B7949C400E7F647 /* AppDelegate.m */,
				62837A822B7949C400E7F647 /* SceneDelegate.h */,
				62837A832B7949C400E7F647 /* SceneDelegate.m */,
				62837A852B7949C400E7F647 /* ViewController.h */,
				62837A862B7949C400E7F647 /* ViewController.m */,
				62837A882B7949C400E7F647 /* Main.storyboard */,
				62837A8B2B7949C600E7F647 /* Assets.xcassets */,
				62837A8D2B7949C600E7F647 /* LaunchScreen.storyboard */,
				62837A902B7949C600E7F647 /* Info.plist */,
				62837A912B7949C600E7F647 /* main.m */,
				62837A982B794A8000E7F647 /* APICall.h */,
				62837A992B794A8000E7F647 /* APICall.m */,
				627031622B7976A500840155 /* TableViewCell.h */,
				627031632B7976A500840155 /* TableViewCell.m */,
				627031652B797C1800840155 /* ModelData.h */,
				627031662B797C1800840155 /* ModelData.m */,
			);
			path = TestObjectiveCApp;
			sourceTree = "<group>";
		};
/* End PBXGroup section */

/* Begin PBXNativeTarget section */
		62837A7B2B7949C400E7F647 /* TestObjectiveCApp */ = {
			isa = PBXNativeTarget;
			buildConfigurationList = 62837A952B7949C600E7F647 /* Build configuration list for PBXNativeTarget "TestObjectiveCApp" */;
			buildPhases = (
				62837A782B7949C400E7F647 /* Sources */,
				62837A792B7949C400E7F647 /* Frameworks */,
				62837A7A2B7949C400E7F647 /* Resources */,
			);
			buildRules = (
			);
			dependencies = (
			);
			name = TestObjectiveCApp;
			productName = TestObjectiveCApp;
			productReference = 62837A7C2B7949C400E7F647 /* TestObjectiveCApp.app */;
			productType = "com.apple.product-type.application";
		};
/* End PBXNativeTarget section */

/* Begin PBXProject section */
		62837A742B7949C400E7F647 /* Project object */ = {
			isa = PBXProject;
			attributes = {
				BuildIndependentTargetsInParallel = 1;
				LastUpgradeCheck = 1430;
				TargetAttributes = {
					62837A7B2B7949C400E7F647 = {
						CreatedOnToolsVersion = 14.3.1;
					};
				};
			};
			buildConfigurationList = 62837A772B7949C400E7F647 /* Build configuration list for PBXProject "TestObjectiveCApp" */;
			compatibilityVersion = "Xcode 14.0";
			developmentRegion = en;
			hasScannedForEncodings = 0;
			knownRegions = (
				en,
				Base,
			);
			mainGroup = 62837A732B7949C400E7F647;
			productRefGroup = 62837A7D2B7949C400E7F647 /* Products */;
			projectDirPath = "";
			projectRoot = "";
			targets = (
				62837A7B2B7949C400E7F647 /* TestObjectiveCApp */,
			);
		};
/* End PBXProject section */

/* Begin PBXResourcesBuildPhase section */
		62837A7A2B7949C400E7F647 /* Resources */ = {
			isa = PBXResourcesBuildPhase;
			buildActionMask = 2147483647;
			files = (
				62837A8F2B7949C600E7F647 /* LaunchScreen.storyboard in Resources */,
				62837A8C2B7949C600E7F647 /* Assets.xcassets in Resources */,
				62837A8A2B7949C400E7F647 /* Main.storyboard in Resources */,
			);
			runOnlyForDeploymentPostprocessing = 0;
		};
/* End PBXResourcesBuildPhase section */

/* Begin PBXSourcesBuildPhase section */
		62837A782B7949C400E7F647 /* Sources */ = {
			isa = PBXSourcesBuildPhase;
			buildActionMask = 2147483647;
			files = (
				62837A9A2B794A8000E7F647 /* APICall.m in Sources */,
				627031642B7976A500840155 /* TableViewCell.m in Sources */,
				62837A872B7949C400E7F647 /* ViewController.m in Sources */,
				62837A812B7949C400E7F647 /* AppDelegate.m in Sources */,
				62837A922B7949C600E7F647 /* main.m in Sources */,
				627031672B797C1800840155 /* ModelData.m in Sources */,
				62837A842B7949C400E7F647 /* SceneDelegate.m in Sources */,
			);
			runOnlyForDeploymentPostprocessing = 0;
		};
/* End PBXSourcesBuildPhase section */

/* Begin PBXVariantGroup section */
		62837A882B7949C400E7F647 /* Main.storyboard */ = {
			isa = PBXVariantGroup;
			children = (
				62837A892B7949C400E7F647 /* Base */,
			);
			name = Main.storyboard;
			sourceTree = "<group>";
		};
		62837A8D2B7949C600E7F647 /* LaunchScreen.storyboard */ = {
			isa = PBXVariantGroup;
			children = (
				62837A8E2B7949C600E7F647 /* Base */,
			);
			name = LaunchScreen.storyboard;
			sourceTree = "<group>";
		};
/* End PBXVariantGroup section */

/* Begin XCBuildConfiguration section */
		62837A932B7949C600E7F647 /* Debug */ = {
			isa = XCBuildConfiguration;
			buildSettings = {
				ALWAYS_SEARCH_USER_PATHS = NO;
				CLANG_ANALYZER_NONNULL = YES;
				CLANG_ANALYZER_NUMBER_OBJECT_CONVERSION = YES_AGGRESSIVE;
				CLANG_CXX_LANGUAGE_STANDARD = "gnu++20";
				CLANG_ENABLE_MODULES = YES;
				CLANG_ENABLE_OBJC_ARC = YES;
				CLANG_ENABLE_OBJC_WEAK = YES;
				CLANG_WARN_BLOCK_CAPTURE_AUTORELEASING = YES;
				CLANG_WARN_BOOL_CONVERSION = YES;
				CLANG_WARN_COMMA = YES;
				CLANG_WARN_CONSTANT_CONVERSION = YES;
				CLANG_WARN_DEPRECATED_OBJC_IMPLEMENTATIONS = YES;
				CLANG_WARN_DIRECT_OBJC_ISA_USAGE = YES_ERROR;
				CLANG_WARN_DOCUMENTATION_COMMENTS = YES;
				CLANG_WARN_EMPTY_BODY = YES;
				CLANG_WARN_ENUM_CONVERSION = YES;
				CLANG_WARN_INFINITE_RECURSION = YES;
				CLANG_WARN_INT_CONVERSION = YES;
				CLANG_WARN_NON_LITERAL_NULL_CONVERSION = YES;
				CLANG_WARN_OBJC_IMPLICIT_RETAIN_SELF = YES;
				CLANG_WARN_OBJC_LITERAL_CONVERSION = YES;
				CLANG_WARN_OBJC_ROOT_CLASS = YES_ERROR;
				CLANG_WARN_QUOTED_INCLUDE_IN_FRAMEWORK_HEADER = YES;
				CLANG_WARN_RANGE_LOOP_ANALYSIS = YES;
				CLANG_WARN_STRICT_PROTOTYPES = YES;
				CLANG_WARN_SUSPICIOUS_MOVE = YES;
				CLANG_WARN_UNGUARDED_AVAILABILITY = YES_AGGRESSIVE;
				CLANG_WARN_UNREACHABLE_CODE = YES;
				CLANG_WARN__DUPLICATE_METHOD_MATCH = YES;
				COPY_PHASE_STRIP = NO;
				DEBUG_INFORMATION_FORMAT = dwarf;
				ENABLE_STRICT_OBJC_MSGSEND = YES;
				ENABLE_TESTABILITY = YES;
				GCC_C_LANGUAGE_STANDARD = gnu11;
				GCC_DYNAMIC_NO_PIC = NO;
				GCC_NO_COMMON_BLOCKS = YES;
				GCC_OPTIMIZATION_LEVEL = 0;
				GCC_PREPROCESSOR_DEFINITIONS = (
					"DEBUG=1",
					"$(inherited)",
				);
				GCC_WARN_64_TO_32_BIT_CONVERSION = YES;
				GCC_WARN_ABOUT_RETURN_TYPE = YES_ERROR;
				GCC_WARN_UNDECLARED_SELECTOR = YES;
				GCC_WARN_UNINITIALIZED_AUTOS = YES_AGGRESSIVE;
				GCC_WARN_UNUSED_FUNCTION = YES;
				GCC_WARN_UNUSED_VARIABLE = YES;
				IPHONEOS_DEPLOYMENT_TARGET = 16.4;
				MTL_ENABLE_DEBUG_INFO = INCLUDE_SOURCE;
				MTL_FAST_MATH = YES;
				ONLY_ACTIVE_ARCH = YES;
				SDKROOT = iphoneos;
			};
			name = Debug;
		};
		62837A942B7949C600E7F647 /* Release */ = {
			isa = XCBuildConfiguration;
			buildSettings = {
				ALWAYS_SEARCH_USER_PATHS = NO;
				CLANG_ANALYZER_NONNULL = YES;
				CLANG_ANALYZER_NUMBER_OBJECT_CONVERSION = YES_AGGRESSIVE;
				CLANG_CXX_LANGUAGE_STANDARD = "gnu++20";
				CLANG_ENABLE_MODULES = YES;
				CLANG_ENABLE_OBJC_ARC = YES;
				CLANG_ENABLE_OBJC_WEAK = YES;
				CLANG_WARN_BLOCK_CAPTURE_AUTORELEASING = YES;
				CLANG_WARN_BOOL_CONVERSION = YES;
				CLANG_WARN_COMMA = YES;
				CLANG_WARN_CONSTANT_CONVERSION = YES;
				CLANG_WARN_DEPRECATED_OBJC_IMPLEMENTATIONS = YES;
				CLANG_WARN_DIRECT_OBJC_ISA_USAGE = YES_ERROR;
				CLANG_WARN_DOCUMENTATION_COMMENTS = YES;
				CLANG_WARN_EMPTY_BODY = YES;
				CLANG_WARN_ENUM_CONVERSION = YES;
				CLANG_WARN_INFINITE_RECURSION = YES;
				CLANG_WARN_INT_CONVERSION = YES;
				CLANG_WARN_NON_LITERAL_NULL_CONVERSION = YES;
				CLANG_WARN_OBJC_IMPLICIT_RETAIN_SELF = YES;
				CLANG_WARN_OBJC_LITERAL_CONVERSION = YES;
				CLANG_WARN_OBJC_ROOT_CLASS = YES_ERROR;
				CLANG_WARN_QUOTED_INCLUDE_IN_FRAMEWORK_HEADER = YES;
				CLANG_WARN_RANGE_LOOP_ANALYSIS = YES;
				CLANG_WARN_STRICT_PROTOTYPES = YES;
				CLANG_WARN_SUSPICIOUS_MOVE = YES;
				CLANG_WARN_UNGUARDED_AVAILABILITY = YES_AGGRESSIVE;
				CLANG_WARN_UNREACHABLE_CODE = YES;
				CLANG_WARN__DUPLICATE_METHOD_MATCH = YES;
				COPY_PHASE_STRIP = NO;
				DEBUG_INFORMATION_FORMAT = "dwarf-with-dsym";
				ENABLE_NS_ASSERTIONS = NO;
				ENABLE_STRICT_OBJC_MSGSEND = YES;
				GCC_C_LANGUAGE_STANDARD = gnu11;
				GCC_NO_COMMON_BLOCKS = YES;
				GCC_WARN_64_TO_32_BIT_CONVERSION = YES;
				GCC_WARN_ABOUT_RETURN_TYPE = YES_ERROR;
				GCC_WARN_UNDECLARED_SELECTOR = YES;
				GCC_WARN_UNINITIALIZED_AUTOS = YES_AGGRESSIVE;
				GCC_WARN_UNUSED_FUNCTION = YES;
				GCC_WARN_UNUSED_VARIABLE = YES;
				IPHONEOS_DEPLOYMENT_TARGET = 16.4;
				MTL_ENABLE_DEBUG_INFO = NO;
				MTL_FAST_MATH = YES;
				SDKROOT = iphoneos;
				VALIDATE_PRODUCT = YES;
			};
			name = Release;
		};
		62837A962B7949C600E7F647 /* Debug */ = {
			isa = XCBuildConfiguration;
			buildSettings = {
				ASSETCATALOG_COMPILER_APPICON_NAME = AppIcon;
				ASSETCATALOG_COMPILER_GLOBAL_ACCENT_COLOR_NAME = AccentColor;
				CODE_SIGN_STYLE = Automatic;
				CURRENT_PROJECT_VERSION = 1;
				GENERATE_INFOPLIST_FILE = YES;
				INFOPLIST_FILE = TestObjectiveCApp/Info.plist;
				INFOPLIST_KEY_UIApplicationSupportsIndirectInputEvents = YES;
				INFOPLIST_KEY_UILaunchStoryboardName = LaunchScreen;
				INFOPLIST_KEY_UIMainStoryboardFile = Main;
				INFOPLIST_KEY_UISupportedInterfaceOrientations_iPad = "UIInterfaceOrientationPortrait UIInterfaceOrientationPortraitUpsideDown UIInterfaceOrientationLandscapeLeft UIInterfaceOrientationLandscapeRight";
				INFOPLIST_KEY_UISupportedInterfaceOrientations_iPhone = "UIInterfaceOrientationPortrait UIInterfaceOrientationLandscapeLeft UIInterfaceOrientationLandscapeRight";
				LD_RUNPATH_SEARCH_PATHS = (
					"$(inherited)",
					"@executable_path/Frameworks",
				);
				MARKETING_VERSION = 1.0;
				PRODUCT_BUNDLE_IDENTIFIER = com.test.TestObjectiveCApp;
				PRODUCT_NAME = "$(TARGET_NAME)";
				SWIFT_EMIT_LOC_STRINGS = YES;
				TARGETED_DEVICE_FAMILY = "1,2";
			};
			name = Debug;
		};
		62837A972B7949C600E7F647 /* Release */ = {
			isa = XCBuildConfiguration;
			buildSettings = {
				ASSETCATALOG_COMPILER_APPICON_NAME = AppIcon;
				ASSETCATALOG_COMPILER_GLOBAL_ACCENT_COLOR_NAME = AccentColor;
				CODE_SIGN_STYLE = Automatic;
				CURRENT_PROJECT_VERSION = 1;
				GENERATE_INFOPLIST_FILE = YES;
				INFOPLIST_FILE = TestObjectiveCApp/Info.plist;
				INFOPLIST_KEY_UIApplicationSupportsIndirectInputEvents = YES;
				INFOPLIST_KEY_UILaunchStoryboardName = LaunchScreen;
				INFOPLIST_KEY_UIMainStoryboardFile = Main;
				INFOPLIST_KEY_UISupportedInterfaceOrientations_iPad = "UIInterfaceOrientationPortrait UIInterfaceOrientationPortraitUpsideDown UIInterfaceOrientationLandscapeLeft UIInterfaceOrientationLandscapeRight";
				INFOPLIST_KEY_UISupportedInterfaceOrientations_iPhone = "UIInterfaceOrientationPortrait UIInterfaceOrientationLandscapeLeft UIInterfaceOrientationLandscapeRight";
				LD_RUNPATH_SEARCH_PATHS = (
					"$(inherited)",
					"@executable_path/Frameworks",
				);
				MARKETING_VERSION = 1.0;
				PRODUCT_BUNDLE_IDENTIFIER = com.test.TestObjectiveCApp;
				PRODUCT_NAME = "$(TARGET_NAME)";
				SWIFT_EMIT_LOC_STRINGS = YES;
				TARGETED_DEVICE_FAMILY = "1,2";
			};
			name = Release;
		};
/* End XCBuildConfiguration section */

/* Begin XCConfigurationList section */
		62837A772B7949C400E7F647 /* Build configuration list for PBXProject "TestObjectiveCApp" */ = {
			isa = XCConfigurationList;
			buildConfigurations = (
				62837A932B7949C600E7F647 /* Debug */,
				62837A942B7949C600E7F647 /* Release */,
			);
			defaultConfigurationIsVisible = 0;
			defaultConfigurationName = Release;
		};
		62837A952B7949C600E7F647 /* Build configuration list for PBXNativeTarget "TestObjectiveCApp" */ = {
			isa = XCConfigurationList;
			buildConfigurations = (
				62837A962B7949C600E7F647 /* Debug */,
				62837A972B7949C600E7F647 /* Release */,
			);
			defaultConfigurationIsVisible = 0;
			defaultConfigurationName = Release;
		};
/* End XCConfigurationList section */
	};
	rootObject = 62837A742B7949C400E7F647 /* Project object */;
}
